
Microsoft Visual Studio Solution File, Format Version 12.00
# Visual Studio 2013
VisualStudioVersion = 12.0.21005.1
MinimumVisualStudioVersion = 10.0.40219.1
Project("{FAE04EC0-301F-11D3-BF4B-00C04F79EFBC}") = "iRSDKSharp", "irsdkSharp\iRSDKSharp.csproj", "{72631B85-EB9A-473E-9B4C-65B355A9000D}"
EndProject
Project("{FAE04EC0-301F-11D3-BF4B-00C04F79EFBC}") = "iRacingYamlParser", "Yaml\Yaml\iRacingYamlParser.csproj", "{8B38618A-9E58-4B0E-B55A-656BB59F60AB}"
EndProject
Project("{FAE04EC0-301F-11D3-BF4B-00C04F79EFBC}") = "TMTVO", "TMTVO\TMTVO.csproj", "{0C0CC577-025E-4AFA-9DE9-64CDD07D6DCE}"
EndProject
Project("{FAE04EC0-301F-11D3-BF4B-00C04F79EFBC}") = "TMTVO-Api", "TMTVO-Api\TMTVO-Api.csproj", "{78C82CDE-06DC-4CF4-927F-D16FFE007379}"
EndProject
Project("{FAE04EC0-301F-11D3-BF4B-00C04F79EFBC}") = "TMTVO-F1Theme", "TMTVO-F1Theme\TMTVO-F1Theme.csproj", "{1AA91BE9-E59A-4962-99EA-2CB183C3309E}"
EndProject
Project("{FAE04EC0-301F-11D3-BF4B-00C04F79EFBC}") = "TMTVO-Modules", "TMTVO-Modules\TMTVO-Modules.csproj", "{6BF87BA5-0840-41BE-9C91-E609E50D7DDB}"
EndProject
Global
	GlobalSection(SolutionConfigurationPlatforms) = preSolution
		Debug|Any CPU = Debug|Any CPU
		Release|Any CPU = Release|Any CPU
	EndGlobalSection
	GlobalSection(ProjectConfigurationPlatforms) = postSolution
		{72631B85-EB9A-473E-9B4C-65B355A9000D}.Debug|Any CPU.ActiveCfg = Debug|Any CPU
		{72631B85-EB9A-473E-9B4C-65B355A9000D}.Debug|Any CPU.Build.0 = Debug|Any CPU
		{72631B85-EB9A-473E-9B4C-65B355A9000D}.Release|Any CPU.ActiveCfg = Release|Any CPU
		{72631B85-EB9A-473E-9B4C-65B355A9000D}.Release|Any CPU.Build.0 = Release|Any CPU
		{8B38618A-9E58-4B0E-B55A-656BB59F60AB}.Debug|Any CPU.ActiveCfg = Debug|Any CPU
		{8B38618A-9E58-4B0E-B55A-656BB59F60AB}.Debug|Any CPU.Build.0 = Debug|Any CPU
		{8B38618A-9E58-4B0E-B55A-656BB59F60AB}.Release|Any CPU.ActiveCfg = Release|Any CPU
		{8B38618A-9E58-4B0E-B55A-656BB59F60AB}.Release|Any CPU.Build.0 = Release|Any CPU
		{0C0CC577-025E-4AFA-9DE9-64CDD07D6DCE}.Debug|Any CPU.ActiveCfg = Debug|Any CPU
		{0C0CC577-025E-4AFA-9DE9-64CDD07D6DCE}.Debug|Any CPU.Build.0 = Debug|Any CPU
		{0C0CC577-025E-4AFA-9DE9-64CDD07D6DCE}.Release|Any CPU.ActiveCfg = Release|Any CPU
		{0C0CC577-025E-4AFA-9DE9-64CDD07D6DCE}.Release|Any CPU.Build.0 = Release|Any CPU
		{78C82CDE-06DC-4CF4-927F-D16FFE007379}.Debug|Any CPU.ActiveCfg = Debug|Any CPU
		{78C82CDE-06DC-4CF4-927F-D16FFE007379}.Debug|Any CPU.Build.0 = Debug|Any CPU
		{78C82CDE-06DC-4CF4-927F-D16FFE007379}.Release|Any CPU.ActiveCfg = Release|Any CPU
		{78C82CDE-06DC-4CF4-927F-D16FFE007379}.Release|Any CPU.Build.0 = Release|Any CPU
		{1AA91BE9-E59A-4962-99EA-2CB183C3309E}.Debug|Any CPU.ActiveCfg = Debug|Any CPU
		{1AA91BE9-E59A-4962-99EA-2CB183C3309E}.Debug|Any CPU.Build.0 = Debug|Any CPU
		{1AA91BE9-E59A-4962-99EA-2CB183C3309E}.Release|Any CPU.ActiveCfg = Release|Any CPU
		{1AA91BE9-E59A-4962-99EA-2CB183C3309E}.Release|Any CPU.Build.0 = Release|Any CPU
		{6BF87BA5-0840-41BE-9C91-E609E50D7DDB}.Debug|Any CPU.ActiveCfg = Debug|Any CPU
		{6BF87BA5-0840-41BE-9C91-E609E50D7DDB}.Debug|Any CPU.Build.0 = Debug|Any CPU
		{6BF87BA5-0840-41BE-9C91-E609E50D7DDB}.Release|Any CPU.ActiveCfg = Release|Any CPU
		{6BF87BA5-0840-41BE-9C91-E609E50D7DDB}.Release|Any CPU.Build.0 = Release|Any CPU
	EndGlobalSection
	GlobalSection(SolutionProperties) = preSolution
		HideSolutionNode = FALSE
	EndGlobalSection
EndGlobal
